
Microsoft Visual Studio Solution File, Format Version 12.00
# Visual Studio Version 16
VisualStudioVersion = 16.0.31005.135
MinimumVisualStudioVersion = 10.0.40219.1
Project("{FAE04EC0-301F-11D3-BF4B-00C04F79EFBC}") = "Five-BN-TestTask", "Five-BN-TestTask\Five-BN-TestTask.csproj", "{7F620090-D4DD-436C-A5E6-8CD04FE95A7F}"
EndProject
Project("{FAE04EC0-301F-11D3-BF4B-00C04F79EFBC}") = "Five-BN-TestTask.Tests", "Five-BN-TestTask.Tests\Five-BN-TestTask.Tests.csproj", "{806B6295-69A9-4A21-A9E7-7BB45A0ADEA3}"
EndProject
Project("{FAE04EC0-301F-11D3-BF4B-00C04F79EFBC}") = "VisualizerEightQueens", "VisualizerEightQueens\VisualizerEightQueens.csproj", "{909231D8-CF81-48E5-AA3C-62BE09C81309}"
EndProject
Global
	GlobalSection(SolutionConfigurationPlatforms) = preSolution
		Debug|Any CPU = Debug|Any CPU
		Release|Any CPU = Release|Any CPU
	EndGlobalSection
	GlobalSection(ProjectConfigurationPlatforms) = postSolution
		{7F620090-D4DD-436C-A5E6-8CD04FE95A7F}.Debug|Any CPU.ActiveCfg = Debug|Any CPU
		{7F620090-D4DD-436C-A5E6-8CD04FE95A7F}.Debug|Any CPU.Build.0 = Debug|Any CPU
		{7F620090-D4DD-436C-A5E6-8CD04FE95A7F}.Release|Any CPU.ActiveCfg = Release|Any CPU
		{7F620090-D4DD-436C-A5E6-8CD04FE95A7F}.Release|Any CPU.Build.0 = Release|Any CPU
		{806B6295-69A9-4A21-A9E7-7BB45A0ADEA3}.Debug|Any CPU.ActiveCfg = Debug|Any CPU
		{806B6295-69A9-4A21-A9E7-7BB45A0ADEA3}.Debug|Any CPU.Build.0 = Debug|Any CPU
		{806B6295-69A9-4A21-A9E7-7BB45A0ADEA3}.Release|Any CPU.ActiveCfg = Release|Any CPU
		{806B6295-69A9-4A21-A9E7-7BB45A0ADEA3}.Release|Any CPU.Build.0 = Release|Any CPU
		{909231D8-CF81-48E5-AA3C-62BE09C81309}.Debug|Any CPU.ActiveCfg = Debug|Any CPU
		{909231D8-CF81-48E5-AA3C-62BE09C81309}.Debug|Any CPU.Build.0 = Debug|Any CPU
		{909231D8-CF81-48E5-AA3C-62BE09C81309}.Release|Any CPU.ActiveCfg = Release|Any CPU
		{909231D8-CF81-48E5-AA3C-62BE09C81309}.Release|Any CPU.Build.0 = Release|Any CPU
	EndGlobalSection
	GlobalSection(SolutionProperties) = preSolution
		HideSolutionNode = FALSE
	EndGlobalSection
	GlobalSection(ExtensibilityGlobals) = postSolution
		SolutionGuid = {3AED3413-5F43-4A02-9152-FA4737E3600B}
	EndGlobalSection
EndGlobal
